{
  "version": 4,
  "terraform_version": "1.11.1",
  "serial": 38,
  "lineage": "ddca3e11-2316-3dcc-a77d-d0cf1284b137",
  "outputs": {},
  "resources": [
    {
      "module": "module.artifact_registry",
      "mode": "managed",
      "type": "google_artifact_registry_repository",
      "name": "this",
      "provider": "provider[\"registry.terraform.io/hashicorp/google\"]",
      "instances": [
        {
          "schema_version": 0,
          "attributes": {
            "cleanup_policies": [],
            "cleanup_policy_dry_run": false,
            "create_time": "2025-07-11T06:39:53.786061Z",
            "description": "Docker repository",
            "docker_config": [],
            "effective_labels": {
              "goog-terraform-provisioned": "true"
            },
            "format": "DOCKER",
            "id": "projects/terraform-study-465601/locations/asia-northeast1/repositories/docker-repo",
            "kms_key_name": "",
            "labels": {},
            "location": "asia-northeast1",
            "maven_config": [],
            "mode": "STANDARD_REPOSITORY",
            "name": "docker-repo",
            "project": "terraform-study-465601",
            "remote_repository_config": [],
            "repository_id": "docker-repo",
            "terraform_labels": {
              "goog-terraform-provisioned": "true"
            },
            "timeouts": null,
            "update_time": "2025-07-14T02:42:08.795911Z",
            "virtual_repository_config": [],
            "vulnerability_scanning_config": [
              {
                "enablement_config": "",
                "enablement_state": "SCANNING_DISABLED",
                "enablement_state_reason": "API containerscanning.googleapis.com is not enabled."
              }
            ]
          },
          "sensitive_attributes": [],
          "private": "eyJlMmJmYjczMC1lY2FhLTExZTYtOGY4OC0zNDM2M2JjN2M0YzAiOnsiY3JlYXRlIjoxMjAwMDAwMDAwMDAwLCJkZWxldGUiOjEyMDAwMDAwMDAwMDAsInVwZGF0ZSI6MTIwMDAwMDAwMDAwMH19"
        }
      ]
    },
    {
      "module": "module.cloud_run",
      "mode": "managed",
      "type": "google_cloud_run_service",
      "name": "this",
      "provider": "provider[\"registry.terraform.io/hashicorp/google\"]",
      "instances": [
        {
          "schema_version": 2,
          "attributes": {
            "autogenerate_revision_name": false,
            "id": "locations/asia-northeast1/namespaces/terraform-study-465601/services/gcp-study-app",
            "location": "asia-northeast1",
            "metadata": [
              {
                "annotations": {},
                "effective_annotations": {
                  "run.googleapis.com/client-name": "cloud-console",
                  "run.googleapis.com/ingress": "all",
                  "run.googleapis.com/ingress-status": "all",
                  "run.googleapis.com/operation-id": "9dbc5284-b6f6-4329-9448-ea98d503062e",
                  "run.googleapis.com/urls": "[\"https://gcp-study-app-161116822257.asia-northeast1.run.app\",\"https://gcp-study-app-ucrmixx3uq-an.a.run.app\"]",
                  "serving.knative.dev/creator": "okhe4kog3@gmail.com",
                  "serving.knative.dev/lastModifier": "okhe4kog3@gmail.com"
                },
                "effective_labels": {
                  "cloud.googleapis.com/location": "asia-northeast1"
                },
                "generation": 3,
                "labels": {},
                "namespace": "terraform-study-465601",
                "resource_version": "AAY52qdgjmI",
                "self_link": "/apis/serving.knative.dev/v1/namespaces/161116822257/services/gcp-study-app",
                "terraform_labels": {},
                "uid": "1ef51645-7219-4083-bedd-cd408658fa10"
              }
            ],
            "name": "gcp-study-app",
            "project": "terraform-study-465601",
            "status": [
              {
                "conditions": [
                  {
                    "message": "",
                    "reason": "",
                    "status": "True",
                    "type": "Ready"
                  },
                  {
                    "message": "",
                    "reason": "",
                    "status": "True",
                    "type": "ConfigurationsReady"
                  },
                  {
                    "message": "",
                    "reason": "",
                    "status": "True",
                    "type": "RoutesReady"
                  }
                ],
                "latest_created_revision_name": "gcp-study-app-00002-zsq",
                "latest_ready_revision_name": "gcp-study-app-00002-zsq",
                "observed_generation": 3,
                "traffic": [
                  {
                    "latest_revision": true,
                    "percent": 100,
                    "revision_name": "gcp-study-app-00002-zsq",
                    "tag": "",
                    "url": ""
                  }
                ],
                "url": "https://gcp-study-app-ucrmixx3uq-an.a.run.app"
              }
            ],
            "template": [
              {
                "metadata": [
                  {
                    "annotations": {
                      "autoscaling.knative.dev/maxScale": "20",
                      "run.googleapis.com/cloudsql-instances": "terraform-study-465601:asia-northeast1:my-sql-instance"
                    },
                    "generation": 0,
                    "labels": {
                      "run.googleapis.com/startupProbeType": "Default"
                    },
                    "name": "",
                    "namespace": "",
                    "resource_version": "",
                    "self_link": "",
                    "uid": ""
                  }
                ],
                "spec": [
                  {
                    "container_concurrency": 80,
                    "containers": [
                      {
                        "args": [],
                        "command": [],
                        "env": [
                          {
                            "name": "DB_NAME",
                            "value": "testdb",
                            "value_from": []
                          },
                          {
                            "name": "DB_PASS",
                            "value": "password",
                            "value_from": []
                          },
                          {
                            "name": "DB_USER",
                            "value": "user",
                            "value_from": []
                          },
                          {
                            "name": "INSTANCE_CONNECTION_NAME",
                            "value": "terraform-study-465601:asia-northeast1:my-sql-instance",
                            "value_from": []
                          }
                        ],
                        "env_from": [],
                        "image": "asia-northeast1-docker.pkg.dev/terraform-study-465601/docker-repo/gcp-study-app@sha256:1ac1fb454ac1835998817158c4985d5f30c217cb69dede363bc2f14388a1f097",
                        "liveness_probe": [],
                        "name": "",
                        "ports": [
                          {
                            "container_port": 8080,
                            "name": "http1",
                            "protocol": ""
                          }
                        ],
                        "resources": [
                          {
                            "limits": {
                              "cpu": "1",
                              "memory": "512Mi"
                            },
                            "requests": {}
                          }
                        ],
                        "startup_probe": [
                          {
                            "failure_threshold": 1,
                            "grpc": [],
                            "http_get": [],
                            "initial_delay_seconds": 0,
                            "period_seconds": 240,
                            "tcp_socket": [
                              {
                                "port": 8080
                              }
                            ],
                            "timeout_seconds": 240
                          }
                        ],
                        "volume_mounts": [],
                        "working_dir": ""
                      }
                    ],
                    "node_selector": {},
                    "service_account_name": "161116822257-compute@developer.gserviceaccount.com",
                    "serving_state": "",
                    "timeout_seconds": 300,
                    "volumes": []
                  }
                ]
              }
            ],
            "timeouts": null,
            "traffic": [
              {
                "latest_revision": true,
                "percent": 100,
                "revision_name": "",
                "tag": "",
                "url": ""
              }
            ]
          },
          "sensitive_attributes": [],
          "private": "eyJlMmJmYjczMC1lY2FhLTExZTYtOGY4OC0zNDM2M2JjN2M0YzAiOnsiY3JlYXRlIjoxMjAwMDAwMDAwMDAwLCJkZWxldGUiOjEyMDAwMDAwMDAwMDAsInVwZGF0ZSI6MTIwMDAwMDAwMDAwMH0sInNjaGVtYV92ZXJzaW9uIjoiMiJ9",
          "dependencies": [
            "module.cloud_sql.google_sql_database_instance.default"
          ]
        }
      ]
    },
    {
      "module": "module.cloud_sql",
      "mode": "managed",
      "type": "google_sql_database",
      "name": "default",
      "provider": "provider[\"registry.terraform.io/hashicorp/google\"]",
      "instances": [
        {
          "schema_version": 0,
          "attributes": {
            "charset": "utf8mb4",
            "collation": "utf8mb4_0900_ai_ci",
            "deletion_policy": "DELETE",
            "id": "projects/terraform-study-465601/instances/my-sql-instance/databases/testdb",
            "instance": "my-sql-instance",
            "name": "testdb",
            "project": "terraform-study-465601",
            "self_link": "https://sqladmin.googleapis.com/sql/v1beta4/projects/terraform-study-465601/instances/my-sql-instance/databases/testdb",
            "timeouts": null
          },
          "sensitive_attributes": [],
          "private": "eyJlMmJmYjczMC1lY2FhLTExZTYtOGY4OC0zNDM2M2JjN2M0YzAiOnsiY3JlYXRlIjoxMjAwMDAwMDAwMDAwLCJkZWxldGUiOjEyMDAwMDAwMDAwMDAsInVwZGF0ZSI6MTIwMDAwMDAwMDAwMH19",
          "dependencies": [
            "module.cloud_sql.google_sql_database_instance.default"
          ]
        }
      ]
    },
    {
      "module": "module.cloud_sql",
      "mode": "managed",
      "type": "google_sql_database_instance",
      "name": "default",
      "provider": "provider[\"registry.terraform.io/hashicorp/google\"]",
      "instances": [
        {
          "schema_version": 0,
          "attributes": {
            "available_maintenance_versions": [],
            "clone": [],
            "connection_name": "terraform-study-465601:asia-northeast1:my-sql-instance",
            "database_version": "MYSQL_8_0",
            "deletion_protection": true,
            "dns_name": "",
            "dns_names": [],
            "encryption_key_name": null,
            "first_ip_address": "34.84.162.185",
            "id": "my-sql-instance",
            "instance_type": "CLOUD_SQL_INSTANCE",
            "ip_address": [
              {
                "ip_address": "34.84.162.185",
                "time_to_retire": "",
                "type": "PRIMARY"
              }
            ],
            "maintenance_version": "MYSQL_8_0_41.R20250304.00_05",
            "master_instance_name": "",
            "name": "my-sql-instance",
            "private_ip_address": "",
            "project": "terraform-study-465601",
            "psc_service_attachment_link": "",
            "public_ip_address": "34.84.162.185",
            "region": "asia-northeast1",
            "replica_configuration": [],
            "replica_names": [],
            "replication_cluster": [
              {
                "dr_replica": false,
                "failover_dr_replica_name": ""
              }
            ],
            "restore_backup_context": [],
            "root_password": null,
            "self_link": "https://sqladmin.googleapis.com/sql/v1beta4/projects/terraform-study-465601/instances/my-sql-instance",
            "server_ca_cert": [
              {
                "cert": "-----BEGIN CERTIFICATE-----\nMIIDfzCCAmegAwIBAgIBADANBgkqhkiG9w0BAQsFADB3MS0wKwYDVQQuEyQ0NTUx\nMDNmMi0zNWQ0LTQ4ZTgtYjY1MS05ZDQ0MWRkMjYzNWYxIzAhBgNVBAMTGkdvb2ds\nZSBDbG91ZCBTUUwgU2VydmVyIENBMRQwEgYDVQQKEwtHb29nbGUsIEluYzELMAkG\nA1UEBhMCVVMwHhcNMjUwNzExMDgzNjQ5WhcNMzUwNzA5MDgzNzQ5WjB3MS0wKwYD\nVQQuEyQ0NTUxMDNmMi0zNWQ0LTQ4ZTgtYjY1MS05ZDQ0MWRkMjYzNWYxIzAhBgNV\nBAMTGkdvb2dsZSBDbG91ZCBTUUwgU2VydmVyIENBMRQwEgYDVQQKEwtHb29nbGUs\nIEluYzELMAkGA1UEBhMCVVMwggEiMA0GCSqGSIb3DQEBAQUAA4IBDwAwggEKAoIB\nAQDpK/NcjdOwZn9fCcC3103JUAZuFd7edQZRsh4vaNBKTr+Zj/hsy0uaUjRSECS5\nAaRWuL30lWEjObfiLxssnR06do/4CwIgL1YMtrBELQJv8H9rguZwqeEakzrN4hHD\np3EFXJRXUgeFz/IaYXkJAFvkp9Vz1/EsQCj4Vqj7c0CtBln+FhIg08NDlmT4ZDGf\njdUrS+9u5Hfa1RpnqFbhLYkp19dwzmkPYAoy+XxZL8AHVki4jRncqASauJYqrNX/\nrs3+YCXyEahssy6Jln+xke9y7h2HXn3bZphdqosS8Enb7AkmrNKGtav259EjuG/c\nAjCJceeHKpXQilRqeGA+F0ptAgMBAAGjFjAUMBIGA1UdEwEB/wQIMAYBAf8CAQAw\nDQYJKoZIhvcNAQELBQADggEBADDoKthO0vgn8oFdr81qXS0TBEZRsROg+nAdE8Ce\n5R8Mi7lhF/BIRK2BJiCBp7Uu0gqc297kRFdmHAyBxlwRV6LMNK5nLtsI673MeYIT\nfYxrtPoMf5J/rXDYRMR+KProrGCh13caqd1L61oc0hmt4WSCV279Wpwj2Da6Qnlj\noe8MVZx6+ChfnxXJqBRQf4SqiuuBVbyYVifzOHpDeFyAemLOcvQJUeIgGfP8h0n1\n/4kT3K/k7kEDI3YKEWHuAw+6J9vz85tfD2K258cg2dOLgCn3wM1c3uW6O4fArZ+S\nucaynI1MHLu5DBAj4XgP1kj/zSvETTion7JCDo9VazrQQZM=\n-----END CERTIFICATE-----",
                "common_name": "C=US,O=Google\\, Inc,CN=Google Cloud SQL Server CA,dnQualifier=455103f2-35d4-48e8-b651-9d441dd2635f",
                "create_time": "2025-07-11T08:36:49.482Z",
                "expiration_time": "2035-07-09T08:37:49.482Z",
                "sha1_fingerprint": "30e1a557858f200e4d18cb46e096defdba7d3627"
              }
            ],
            "service_account_email_address": "p161116822257-3froxa@gcp-sa-cloud-sql.iam.gserviceaccount.com",
            "settings": [
              {
                "activation_policy": "ALWAYS",
                "active_directory_config": [],
                "advanced_machine_features": [],
                "availability_type": "ZONAL",
                "backup_configuration": [
                  {
                    "backup_retention_settings": [
                      {
                        "retained_backups": 7,
                        "retention_unit": "COUNT"
                      }
                    ],
                    "binary_log_enabled": false,
                    "enabled": false,
                    "location": "",
                    "point_in_time_recovery_enabled": false,
                    "start_time": "22:00",
                    "transaction_log_retention_days": 7
                  }
                ],
                "collation": "",
                "connection_pool_config": [],
                "connector_enforcement": "NOT_REQUIRED",
                "data_cache_config": [
                  {
                    "data_cache_enabled": false
                  }
                ],
                "database_flags": [],
                "deletion_protection_enabled": false,
                "deny_maintenance_period": [],
                "disk_autoresize": true,
                "disk_autoresize_limit": 0,
                "disk_size": 10,
                "disk_type": "PD_SSD",
                "edition": "ENTERPRISE",
                "enable_dataplex_integration": false,
                "enable_google_ml_integration": false,
                "insights_config": [],
                "ip_configuration": [
                  {
                    "allocated_ip_range": "",
                    "authorized_networks": [],
                    "custom_subject_alternative_names": [],
                    "enable_private_path_for_google_cloud_services": false,
                    "ipv4_enabled": true,
                    "private_network": "",
                    "psc_config": [],
                    "server_ca_mode": "GOOGLE_MANAGED_INTERNAL_CA",
                    "server_ca_pool": "",
                    "ssl_mode": "ALLOW_UNENCRYPTED_AND_ENCRYPTED"
                  }
                ],
                "location_preference": [
                  {
                    "follow_gae_application": "",
                    "secondary_zone": "",
                    "zone": "asia-northeast1-b"
                  }
                ],
                "maintenance_window": [],
                "password_validation_policy": [],
                "pricing_plan": "PER_USE",
                "retain_backups_on_delete": false,
                "sql_server_audit_config": [],
                "tier": "db-f1-micro",
                "time_zone": "",
                "user_labels": {},
                "version": 6
              }
            ],
            "timeouts": null
          },
          "sensitive_attributes": [
            [
              {
                "type": "get_attr",
                "value": "root_password"
              }
            ],
            [
              {
                "type": "get_attr",
                "value": "server_ca_cert"
              }
            ]
          ],
          "private": "eyJlMmJmYjczMC1lY2FhLTExZTYtOGY4OC0zNDM2M2JjN2M0YzAiOnsiY3JlYXRlIjo1NDAwMDAwMDAwMDAwLCJkZWxldGUiOjU0MDAwMDAwMDAwMDAsInVwZGF0ZSI6NTQwMDAwMDAwMDAwMH0sInNjaGVtYV92ZXJzaW9uIjoiMCJ9"
        }
      ]
    },
    {
      "module": "module.cloud_sql",
      "mode": "managed",
      "type": "google_sql_user",
      "name": "default",
      "provider": "provider[\"registry.terraform.io/hashicorp/google\"]",
      "instances": [
        {
          "schema_version": 1,
          "attributes": {
            "deletion_policy": null,
            "host": "",
            "id": "user//my-sql-instance",
            "instance": "my-sql-instance",
            "name": "user",
            "password": "password",
            "password_policy": [],
            "password_wo": null,
            "password_wo_version": null,
            "project": "terraform-study-465601",
            "sql_server_user_details": [],
            "timeouts": null,
            "type": ""
          },
          "sensitive_attributes": [
            [
              {
                "type": "get_attr",
                "value": "password"
              }
            ]
          ],
          "private": "eyJlMmJmYjczMC1lY2FhLTExZTYtOGY4OC0zNDM2M2JjN2M0YzAiOnsiY3JlYXRlIjo2MDAwMDAwMDAwMDAsImRlbGV0ZSI6NjAwMDAwMDAwMDAwLCJ1cGRhdGUiOjYwMDAwMDAwMDAwMH0sInNjaGVtYV92ZXJzaW9uIjoiMSJ9",
          "dependencies": [
            "module.cloud_sql.google_sql_database_instance.default"
          ]
        }
      ]
    }
  ],
  "check_results": null
}
