{
  "version": 4,
  "terraform_version": "1.11.1",
  "serial": 121,
  "lineage": "ddca3e11-2316-3dcc-a77d-d0cf1284b137",
  "outputs": {},
  "resources": [
    {
      "mode": "data",
      "type": "google_project",
      "name": "project",
      "provider": "provider[\"registry.terraform.io/hashicorp/google\"]",
      "instances": [
        {
          "schema_version": 0,
          "attributes": {
            "auto_create_network": null,
            "billing_account": "01DA0C-9CF850-E069FE",
            "deletion_policy": "PREVENT",
            "effective_labels": {},
            "folder_id": null,
            "id": "projects/terraform-study-465601",
            "labels": {},
            "name": "terraform-study",
            "number": "161116822257",
            "org_id": null,
            "project_id": "terraform-study-465601",
            "tags": null,
            "terraform_labels": {}
          },
          "sensitive_attributes": []
        }
      ]
    },
    {
      "module": "module.artifact_registry",
      "mode": "managed",
      "type": "google_artifact_registry_repository",
      "name": "this",
      "provider": "provider[\"registry.terraform.io/hashicorp/google\"]",
      "instances": [
        {
          "schema_version": 0,
          "attributes": {
            "cleanup_policies": [],
            "cleanup_policy_dry_run": false,
            "create_time": "2025-07-11T06:39:53.786061Z",
            "description": "Docker repository",
            "docker_config": [],
            "effective_labels": {
              "goog-terraform-provisioned": "true"
            },
            "format": "DOCKER",
            "id": "projects/terraform-study-465601/locations/asia-northeast1/repositories/docker-repo",
            "kms_key_name": "",
            "labels": {},
            "location": "asia-northeast1",
            "maven_config": [],
            "mode": "STANDARD_REPOSITORY",
            "name": "docker-repo",
            "project": "terraform-study-465601",
            "remote_repository_config": [],
            "repository_id": "docker-repo",
            "terraform_labels": {
              "goog-terraform-provisioned": "true"
            },
            "timeouts": null,
            "update_time": "2025-07-16T05:29:37.021643Z",
            "virtual_repository_config": [],
            "vulnerability_scanning_config": [
              {
                "enablement_config": "",
                "enablement_state": "SCANNING_DISABLED",
                "enablement_state_reason": "API containerscanning.googleapis.com is not enabled."
              }
            ]
          },
          "sensitive_attributes": [],
          "private": "eyJlMmJmYjczMC1lY2FhLTExZTYtOGY4OC0zNDM2M2JjN2M0YzAiOnsiY3JlYXRlIjoxMjAwMDAwMDAwMDAwLCJkZWxldGUiOjEyMDAwMDAwMDAwMDAsInVwZGF0ZSI6MTIwMDAwMDAwMDAwMH19"
        }
      ]
    },
    {
      "module": "module.cloud_run",
      "mode": "managed",
      "type": "google_cloud_run_service",
      "name": "this",
      "provider": "provider[\"registry.terraform.io/hashicorp/google\"]",
      "instances": [
        {
          "schema_version": 2,
          "attributes": {
            "autogenerate_revision_name": false,
            "id": "locations/asia-northeast1/namespaces/terraform-study-465601/services/gcp-study-app",
            "location": "asia-northeast1",
            "metadata": [
              {
                "annotations": {},
                "effective_annotations": {
                  "run.googleapis.com/client-name": "cloud-console",
                  "run.googleapis.com/ingress": "all",
                  "run.googleapis.com/ingress-status": "all",
                  "run.googleapis.com/operation-id": "094c7d8d-cab7-477c-9944-1f8c9306c130",
                  "run.googleapis.com/urls": "[\"https://gcp-study-app-161116822257.asia-northeast1.run.app\",\"https://gcp-study-app-ucrmixx3uq-an.a.run.app\"]",
                  "serving.knative.dev/creator": "okhe4kog3@gmail.com",
                  "serving.knative.dev/lastModifier": "okhe4kog3@gmail.com"
                },
                "effective_labels": {
                  "cloud.googleapis.com/location": "asia-northeast1"
                },
                "generation": 13,
                "labels": {},
                "namespace": "terraform-study-465601",
                "resource_version": "AAY6Bf/D6WE",
                "self_link": "/apis/serving.knative.dev/v1/namespaces/161116822257/services/gcp-study-app",
                "terraform_labels": {},
                "uid": "1ef51645-7219-4083-bedd-cd408658fa10"
              }
            ],
            "name": "gcp-study-app",
            "project": "terraform-study-465601",
            "status": [
              {
                "conditions": [
                  {
                    "message": "",
                    "reason": "",
                    "status": "True",
                    "type": "Ready"
                  },
                  {
                    "message": "",
                    "reason": "",
                    "status": "True",
                    "type": "ConfigurationsReady"
                  },
                  {
                    "message": "",
                    "reason": "",
                    "status": "True",
                    "type": "RoutesReady"
                  }
                ],
                "latest_created_revision_name": "gcp-study-app-00012-kwh",
                "latest_ready_revision_name": "gcp-study-app-00012-kwh",
                "observed_generation": 13,
                "traffic": [
                  {
                    "latest_revision": true,
                    "percent": 100,
                    "revision_name": "gcp-study-app-00012-kwh",
                    "tag": "",
                    "url": ""
                  }
                ],
                "url": "https://gcp-study-app-ucrmixx3uq-an.a.run.app"
              }
            ],
            "template": [
              {
                "metadata": [
                  {
                    "annotations": {
                      "autoscaling.knative.dev/maxScale": "20",
                      "run.googleapis.com/cloudsql-instances": "terraform-study-465601:asia-northeast1:my-sql-instance"
                    },
                    "generation": 0,
                    "labels": {
                      "run.googleapis.com/startupProbeType": "Default"
                    },
                    "name": "",
                    "namespace": "",
                    "resource_version": "",
                    "self_link": "",
                    "uid": ""
                  }
                ],
                "spec": [
                  {
                    "container_concurrency": 80,
                    "containers": [
                      {
                        "args": [],
                        "command": [],
                        "env": [
                          {
                            "name": "BUCKET_NAME",
                            "value": "pdf-uploads-terraform-study-465601",
                            "value_from": []
                          },
                          {
                            "name": "DB_NAME",
                            "value": "humans",
                            "value_from": []
                          },
                          {
                            "name": "DB_PASS",
                            "value": "",
                            "value_from": [
                              {
                                "secret_key_ref": [
                                  {
                                    "key": "latest",
                                    "name": "db_password"
                                  }
                                ]
                              }
                            ]
                          },
                          {
                            "name": "DB_USER",
                            "value": "",
                            "value_from": [
                              {
                                "secret_key_ref": [
                                  {
                                    "key": "latest",
                                    "name": "db_user"
                                  }
                                ]
                              }
                            ]
                          },
                          {
                            "name": "INSTANCE_CONNECTION_NAME",
                            "value": "terraform-study-465601:asia-northeast1:my-sql-instance",
                            "value_from": []
                          }
                        ],
                        "env_from": [],
                        "image": "asia-northeast1-docker.pkg.dev/terraform-study-465601/docker-repo/gcp-study-app@sha256:c8198c58e821f65cbf0a9ba6becabfbce01fe2ff541a2f83d374e8972406f9f9",
                        "liveness_probe": [],
                        "name": "",
                        "ports": [
                          {
                            "container_port": 8080,
                            "name": "http1",
                            "protocol": ""
                          }
                        ],
                        "resources": [
                          {
                            "limits": {
                              "cpu": "1",
                              "memory": "512Mi"
                            },
                            "requests": {}
                          }
                        ],
                        "startup_probe": [
                          {
                            "failure_threshold": 1,
                            "grpc": [],
                            "http_get": [],
                            "initial_delay_seconds": 0,
                            "period_seconds": 240,
                            "tcp_socket": [
                              {
                                "port": 8080
                              }
                            ],
                            "timeout_seconds": 240
                          }
                        ],
                        "volume_mounts": [
                          {
                            "mount_path": "/secrets",
                            "name": "sa-key-secret"
                          }
                        ],
                        "working_dir": ""
                      }
                    ],
                    "node_selector": {},
                    "service_account_name": "161116822257-compute@developer.gserviceaccount.com",
                    "serving_state": "",
                    "timeout_seconds": 300,
                    "volumes": [
                      {
                        "csi": [],
                        "empty_dir": [],
                        "name": "sa-key-secret",
                        "nfs": [],
                        "secret": [
                          {
                            "default_mode": 0,
                            "items": [
                              {
                                "key": "latest",
                                "mode": 0,
                                "path": "sa-key.json"
                              }
                            ],
                            "secret_name": "sa-key-storage-upload-prod"
                          }
                        ]
                      }
                    ]
                  }
                ]
              }
            ],
            "timeouts": null,
            "traffic": [
              {
                "latest_revision": true,
                "percent": 100,
                "revision_name": "",
                "tag": "",
                "url": ""
              }
            ]
          },
          "sensitive_attributes": [],
          "private": "eyJlMmJmYjczMC1lY2FhLTExZTYtOGY4OC0zNDM2M2JjN2M0YzAiOnsiY3JlYXRlIjoxMjAwMDAwMDAwMDAwLCJkZWxldGUiOjEyMDAwMDAwMDAwMDAsInVwZGF0ZSI6MTIwMDAwMDAwMDAwMH0sInNjaGVtYV92ZXJzaW9uIjoiMiJ9",
          "dependencies": [
            "module.cloud_sql.google_sql_database_instance.default",
            "module.cloud_storage.google_storage_bucket.default"
          ]
        }
      ]
    },
    {
      "module": "module.cloud_sql",
      "mode": "data",
      "type": "google_secret_manager_secret_version",
      "name": "db_password",
      "provider": "provider[\"registry.terraform.io/hashicorp/google\"]",
      "instances": [
        {
          "schema_version": 0,
          "attributes": {
            "create_time": "2025-07-14T04:47:28.457769Z",
            "destroy_time": null,
            "enabled": true,
            "fetch_secret_data": true,
            "id": "projects/161116822257/secrets/db_password/versions/1",
            "is_secret_data_base64": false,
            "name": "projects/161116822257/secrets/db_password/versions/1",
            "project": "terraform-study-465601",
            "secret": "db_password",
            "secret_data": "1992yoshio",
            "version": "1"
          },
          "sensitive_attributes": [
            [
              {
                "type": "get_attr",
                "value": "secret_data"
              }
            ]
          ]
        }
      ]
    },
    {
      "module": "module.cloud_sql",
      "mode": "data",
      "type": "google_secret_manager_secret_version",
      "name": "db_user",
      "provider": "provider[\"registry.terraform.io/hashicorp/google\"]",
      "instances": [
        {
          "schema_version": 0,
          "attributes": {
            "create_time": "2025-07-14T04:46:17.483578Z",
            "destroy_time": null,
            "enabled": true,
            "fetch_secret_data": true,
            "id": "projects/161116822257/secrets/db_user/versions/1",
            "is_secret_data_base64": false,
            "name": "projects/161116822257/secrets/db_user/versions/1",
            "project": "terraform-study-465601",
            "secret": "db_user",
            "secret_data": "yoshio1992",
            "version": "1"
          },
          "sensitive_attributes": [
            [
              {
                "type": "get_attr",
                "value": "secret_data"
              }
            ]
          ]
        }
      ]
    },
    {
      "module": "module.cloud_sql",
      "mode": "managed",
      "type": "google_sql_database",
      "name": "default",
      "provider": "provider[\"registry.terraform.io/hashicorp/google\"]",
      "instances": [
        {
          "schema_version": 0,
          "attributes": {
            "charset": "utf8mb4",
            "collation": "utf8mb4_0900_ai_ci",
            "deletion_policy": "DELETE",
            "id": "projects/terraform-study-465601/instances/my-sql-instance/databases/humans",
            "instance": "my-sql-instance",
            "name": "humans",
            "project": "terraform-study-465601",
            "self_link": "https://sqladmin.googleapis.com/sql/v1beta4/projects/terraform-study-465601/instances/my-sql-instance/databases/humans",
            "timeouts": null
          },
          "sensitive_attributes": [],
          "private": "eyJlMmJmYjczMC1lY2FhLTExZTYtOGY4OC0zNDM2M2JjN2M0YzAiOnsiY3JlYXRlIjoxMjAwMDAwMDAwMDAwLCJkZWxldGUiOjEyMDAwMDAwMDAwMDAsInVwZGF0ZSI6MTIwMDAwMDAwMDAwMH19",
          "dependencies": [
            "module.cloud_sql.google_sql_database_instance.default"
          ]
        }
      ]
    },
    {
      "module": "module.cloud_sql",
      "mode": "managed",
      "type": "google_sql_database_instance",
      "name": "default",
      "provider": "provider[\"registry.terraform.io/hashicorp/google\"]",
      "instances": [
        {
          "schema_version": 0,
          "attributes": {
            "available_maintenance_versions": [],
            "clone": [],
            "connection_name": "terraform-study-465601:asia-northeast1:my-sql-instance",
            "database_version": "MYSQL_8_0",
            "deletion_protection": true,
            "dns_name": "",
            "dns_names": [],
            "encryption_key_name": null,
            "first_ip_address": "34.84.162.185",
            "id": "my-sql-instance",
            "instance_type": "CLOUD_SQL_INSTANCE",
            "ip_address": [
              {
                "ip_address": "34.84.162.185",
                "time_to_retire": "",
                "type": "PRIMARY"
              }
            ],
            "maintenance_version": "MYSQL_8_0_41.R20250304.00_05",
            "master_instance_name": "",
            "name": "my-sql-instance",
            "private_ip_address": "",
            "project": "terraform-study-465601",
            "psc_service_attachment_link": "",
            "public_ip_address": "34.84.162.185",
            "region": "asia-northeast1",
            "replica_configuration": [],
            "replica_names": [],
            "replication_cluster": [
              {
                "dr_replica": false,
                "failover_dr_replica_name": ""
              }
            ],
            "restore_backup_context": [],
            "root_password": null,
            "self_link": "https://sqladmin.googleapis.com/sql/v1beta4/projects/terraform-study-465601/instances/my-sql-instance",
            "server_ca_cert": [
              {
                "cert": "-----BEGIN CERTIFICATE-----\nMIIDfzCCAmegAwIBAgIBADANBgkqhkiG9w0BAQsFADB3MS0wKwYDVQQuEyQ0NTUx\nMDNmMi0zNWQ0LTQ4ZTgtYjY1MS05ZDQ0MWRkMjYzNWYxIzAhBgNVBAMTGkdvb2ds\nZSBDbG91ZCBTUUwgU2VydmVyIENBMRQwEgYDVQQKEwtHb29nbGUsIEluYzELMAkG\nA1UEBhMCVVMwHhcNMjUwNzExMDgzNjQ5WhcNMzUwNzA5MDgzNzQ5WjB3MS0wKwYD\nVQQuEyQ0NTUxMDNmMi0zNWQ0LTQ4ZTgtYjY1MS05ZDQ0MWRkMjYzNWYxIzAhBgNV\nBAMTGkdvb2dsZSBDbG91ZCBTUUwgU2VydmVyIENBMRQwEgYDVQQKEwtHb29nbGUs\nIEluYzELMAkGA1UEBhMCVVMwggEiMA0GCSqGSIb3DQEBAQUAA4IBDwAwggEKAoIB\nAQDpK/NcjdOwZn9fCcC3103JUAZuFd7edQZRsh4vaNBKTr+Zj/hsy0uaUjRSECS5\nAaRWuL30lWEjObfiLxssnR06do/4CwIgL1YMtrBELQJv8H9rguZwqeEakzrN4hHD\np3EFXJRXUgeFz/IaYXkJAFvkp9Vz1/EsQCj4Vqj7c0CtBln+FhIg08NDlmT4ZDGf\njdUrS+9u5Hfa1RpnqFbhLYkp19dwzmkPYAoy+XxZL8AHVki4jRncqASauJYqrNX/\nrs3+YCXyEahssy6Jln+xke9y7h2HXn3bZphdqosS8Enb7AkmrNKGtav259EjuG/c\nAjCJceeHKpXQilRqeGA+F0ptAgMBAAGjFjAUMBIGA1UdEwEB/wQIMAYBAf8CAQAw\nDQYJKoZIhvcNAQELBQADggEBADDoKthO0vgn8oFdr81qXS0TBEZRsROg+nAdE8Ce\n5R8Mi7lhF/BIRK2BJiCBp7Uu0gqc297kRFdmHAyBxlwRV6LMNK5nLtsI673MeYIT\nfYxrtPoMf5J/rXDYRMR+KProrGCh13caqd1L61oc0hmt4WSCV279Wpwj2Da6Qnlj\noe8MVZx6+ChfnxXJqBRQf4SqiuuBVbyYVifzOHpDeFyAemLOcvQJUeIgGfP8h0n1\n/4kT3K/k7kEDI3YKEWHuAw+6J9vz85tfD2K258cg2dOLgCn3wM1c3uW6O4fArZ+S\nucaynI1MHLu5DBAj4XgP1kj/zSvETTion7JCDo9VazrQQZM=\n-----END CERTIFICATE-----",
                "common_name": "C=US,O=Google\\, Inc,CN=Google Cloud SQL Server CA,dnQualifier=455103f2-35d4-48e8-b651-9d441dd2635f",
                "create_time": "2025-07-11T08:36:49.482Z",
                "expiration_time": "2035-07-09T08:37:49.482Z",
                "sha1_fingerprint": "30e1a557858f200e4d18cb46e096defdba7d3627"
              }
            ],
            "service_account_email_address": "p161116822257-3froxa@gcp-sa-cloud-sql.iam.gserviceaccount.com",
            "settings": [
              {
                "activation_policy": "ALWAYS",
                "active_directory_config": [],
                "advanced_machine_features": [],
                "availability_type": "ZONAL",
                "backup_configuration": [
                  {
                    "backup_retention_settings": [
                      {
                        "retained_backups": 7,
                        "retention_unit": "COUNT"
                      }
                    ],
                    "binary_log_enabled": false,
                    "enabled": false,
                    "location": "",
                    "point_in_time_recovery_enabled": false,
                    "start_time": "22:00",
                    "transaction_log_retention_days": 7
                  }
                ],
                "collation": "",
                "connection_pool_config": [],
                "connector_enforcement": "NOT_REQUIRED",
                "data_cache_config": [
                  {
                    "data_cache_enabled": false
                  }
                ],
                "database_flags": [],
                "deletion_protection_enabled": false,
                "deny_maintenance_period": [],
                "disk_autoresize": true,
                "disk_autoresize_limit": 0,
                "disk_size": 10,
                "disk_type": "PD_SSD",
                "edition": "ENTERPRISE",
                "enable_dataplex_integration": false,
                "enable_google_ml_integration": false,
                "insights_config": [],
                "ip_configuration": [
                  {
                    "allocated_ip_range": "",
                    "authorized_networks": [],
                    "custom_subject_alternative_names": [],
                    "enable_private_path_for_google_cloud_services": false,
                    "ipv4_enabled": true,
                    "private_network": "",
                    "psc_config": [],
                    "server_ca_mode": "GOOGLE_MANAGED_INTERNAL_CA",
                    "server_ca_pool": "",
                    "ssl_mode": "ALLOW_UNENCRYPTED_AND_ENCRYPTED"
                  }
                ],
                "location_preference": [
                  {
                    "follow_gae_application": "",
                    "secondary_zone": "",
                    "zone": "asia-northeast1-b"
                  }
                ],
                "maintenance_window": [],
                "password_validation_policy": [],
                "pricing_plan": "PER_USE",
                "retain_backups_on_delete": false,
                "sql_server_audit_config": [],
                "tier": "db-f1-micro",
                "time_zone": "",
                "user_labels": {},
                "version": 8
              }
            ],
            "timeouts": null
          },
          "sensitive_attributes": [
            [
              {
                "type": "get_attr",
                "value": "server_ca_cert"
              }
            ],
            [
              {
                "type": "get_attr",
                "value": "root_password"
              }
            ]
          ],
          "private": "eyJlMmJmYjczMC1lY2FhLTExZTYtOGY4OC0zNDM2M2JjN2M0YzAiOnsiY3JlYXRlIjo1NDAwMDAwMDAwMDAwLCJkZWxldGUiOjU0MDAwMDAwMDAwMDAsInVwZGF0ZSI6NTQwMDAwMDAwMDAwMH0sInNjaGVtYV92ZXJzaW9uIjoiMCJ9"
        }
      ]
    },
    {
      "module": "module.cloud_sql",
      "mode": "managed",
      "type": "google_sql_user",
      "name": "default",
      "provider": "provider[\"registry.terraform.io/hashicorp/google\"]",
      "instances": [
        {
          "schema_version": 1,
          "attributes": {
            "deletion_policy": null,
            "host": "",
            "id": "yoshio1992//my-sql-instance",
            "instance": "my-sql-instance",
            "name": "yoshio1992",
            "password": "1992yoshio",
            "password_policy": [],
            "password_wo": null,
            "password_wo_version": null,
            "project": "terraform-study-465601",
            "sql_server_user_details": [],
            "timeouts": null,
            "type": ""
          },
          "sensitive_attributes": [
            [
              {
                "type": "get_attr",
                "value": "password"
              }
            ],
            [
              {
                "type": "get_attr",
                "value": "name"
              }
            ]
          ],
          "private": "eyJlMmJmYjczMC1lY2FhLTExZTYtOGY4OC0zNDM2M2JjN2M0YzAiOnsiY3JlYXRlIjo2MDAwMDAwMDAwMDAsImRlbGV0ZSI6NjAwMDAwMDAwMDAwLCJ1cGRhdGUiOjYwMDAwMDAwMDAwMH0sInNjaGVtYV92ZXJzaW9uIjoiMSJ9",
          "dependencies": [
            "module.cloud_sql.data.google_secret_manager_secret_version.db_password",
            "module.cloud_sql.data.google_secret_manager_secret_version.db_user",
            "module.cloud_sql.google_sql_database_instance.default"
          ]
        }
      ]
    },
    {
      "module": "module.cloud_storage",
      "mode": "managed",
      "type": "google_storage_bucket",
      "name": "default",
      "provider": "provider[\"registry.terraform.io/hashicorp/google\"]",
      "instances": [
        {
          "schema_version": 3,
          "attributes": {
            "autoclass": [],
            "cors": [],
            "custom_placement_config": [],
            "default_event_based_hold": false,
            "effective_labels": {
              "goog-terraform-provisioned": "true"
            },
            "enable_object_retention": false,
            "encryption": [],
            "force_destroy": true,
            "hierarchical_namespace": [
              {
                "enabled": false
              }
            ],
            "id": "pdf-uploads-terraform-study-465601",
            "ip_filter": [],
            "labels": {},
            "lifecycle_rule": [
              {
                "action": [
                  {
                    "storage_class": "",
                    "type": "Delete"
                  }
                ],
                "condition": [
                  {
                    "age": 7,
                    "created_before": "",
                    "custom_time_before": "",
                    "days_since_custom_time": 0,
                    "days_since_noncurrent_time": 0,
                    "matches_prefix": [],
                    "matches_storage_class": [],
                    "matches_suffix": [],
                    "noncurrent_time_before": "",
                    "num_newer_versions": 0,
                    "send_age_if_zero": false,
                    "send_days_since_custom_time_if_zero": false,
                    "send_days_since_noncurrent_time_if_zero": false,
                    "send_num_newer_versions_if_zero": false,
                    "with_state": "ANY"
                  }
                ]
              }
            ],
            "location": "ASIA-NORTHEAST1",
            "logging": [],
            "name": "pdf-uploads-terraform-study-465601",
            "project": "terraform-study-465601",
            "project_number": 161116822257,
            "public_access_prevention": "inherited",
            "requester_pays": false,
            "retention_policy": [],
            "rpo": null,
            "self_link": "https://www.googleapis.com/storage/v1/b/pdf-uploads-terraform-study-465601",
            "soft_delete_policy": [
              {
                "effective_time": "2025-07-15T06:37:05.501Z",
                "retention_duration_seconds": 604800
              }
            ],
            "storage_class": "STANDARD",
            "terraform_labels": {
              "goog-terraform-provisioned": "true"
            },
            "time_created": "2025-07-15T06:37:05.501Z",
            "timeouts": null,
            "uniform_bucket_level_access": true,
            "updated": "2025-07-16T06:51:58.724Z",
            "url": "gs://pdf-uploads-terraform-study-465601",
            "versioning": [],
            "website": []
          },
          "sensitive_attributes": [],
          "private": "eyJlMmJmYjczMC1lY2FhLTExZTYtOGY4OC0zNDM2M2JjN2M0YzAiOnsiY3JlYXRlIjo2MDAwMDAwMDAwMDAsInJlYWQiOjI0MDAwMDAwMDAwMCwidXBkYXRlIjoyNDAwMDAwMDAwMDB9LCJzY2hlbWFfdmVyc2lvbiI6IjMifQ=="
        }
      ]
    },
    {
      "module": "module.custom_vpc",
      "mode": "managed",
      "type": "google_compute_firewall",
      "name": "allow_ssh_rdp_icmp",
      "provider": "provider[\"registry.terraform.io/hashicorp/google\"]",
      "instances": [
        {
          "schema_version": 1,
          "attributes": {
            "allow": [
              {
                "ports": [
                  "22",
                  "3389"
                ],
                "protocol": "tcp"
              },
              {
                "ports": [],
                "protocol": "icmp"
              }
            ],
            "creation_timestamp": "2025-07-16T01:49:53.361-07:00",
            "deny": [],
            "description": "",
            "destination_ranges": [],
            "direction": "INGRESS",
            "disabled": false,
            "enable_logging": null,
            "id": "projects/terraform-study-465601/global/firewalls/gcp-study-allow-ssh-rdp-icmp",
            "log_config": [],
            "name": "gcp-study-allow-ssh-rdp-icmp",
            "network": "https://www.googleapis.com/compute/v1/projects/terraform-study-465601/global/networks/gcp-study",
            "priority": 1000,
            "project": "terraform-study-465601",
            "self_link": "https://www.googleapis.com/compute/v1/projects/terraform-study-465601/global/firewalls/gcp-study-allow-ssh-rdp-icmp",
            "source_ranges": [
              "0.0.0.0/0"
            ],
            "source_service_accounts": null,
            "source_tags": null,
            "target_service_accounts": null,
            "target_tags": null,
            "timeouts": null
          },
          "sensitive_attributes": [],
          "private": "eyJlMmJmYjczMC1lY2FhLTExZTYtOGY4OC0zNDM2M2JjN2M0YzAiOnsiY3JlYXRlIjoxMjAwMDAwMDAwMDAwLCJkZWxldGUiOjEyMDAwMDAwMDAwMDAsInVwZGF0ZSI6MTIwMDAwMDAwMDAwMH0sInNjaGVtYV92ZXJzaW9uIjoiMSJ9",
          "dependencies": [
            "module.custom_vpc.google_compute_network.default"
          ]
        }
      ]
    },
    {
      "module": "module.custom_vpc",
      "mode": "managed",
      "type": "google_compute_network",
      "name": "default",
      "provider": "provider[\"registry.terraform.io/hashicorp/google\"]",
      "instances": [
        {
          "schema_version": 0,
          "attributes": {
            "auto_create_subnetworks": false,
            "bgp_always_compare_med": false,
            "bgp_best_path_selection_mode": "LEGACY",
            "bgp_inter_region_cost": "",
            "delete_default_routes_on_create": false,
            "description": "",
            "enable_ula_internal_ipv6": false,
            "gateway_ipv4": "",
            "id": "projects/terraform-study-465601/global/networks/gcp-study",
            "internal_ipv6_range": "",
            "mtu": 0,
            "name": "gcp-study",
            "network_firewall_policy_enforcement_order": "AFTER_CLASSIC_FIREWALL",
            "network_id": "802067136797923701",
            "network_profile": "",
            "numeric_id": "802067136797923701",
            "params": [],
            "project": "terraform-study-465601",
            "routing_mode": "REGIONAL",
            "self_link": "https://www.googleapis.com/compute/v1/projects/terraform-study-465601/global/networks/gcp-study",
            "timeouts": null
          },
          "sensitive_attributes": [],
          "private": "eyJlMmJmYjczMC1lY2FhLTExZTYtOGY4OC0zNDM2M2JjN2M0YzAiOnsiY3JlYXRlIjoxMjAwMDAwMDAwMDAwLCJkZWxldGUiOjEyMDAwMDAwMDAwMDAsInVwZGF0ZSI6MTIwMDAwMDAwMDAwMH19"
        }
      ]
    },
    {
      "module": "module.custom_vpc",
      "mode": "managed",
      "type": "google_compute_subnetwork",
      "name": "default",
      "provider": "provider[\"registry.terraform.io/hashicorp/google\"]",
      "instances": [
        {
          "schema_version": 0,
          "attributes": {
            "creation_timestamp": "2025-07-16T01:49:54.027-07:00",
            "description": "",
            "enable_flow_logs": false,
            "external_ipv6_prefix": "",
            "fingerprint": null,
            "gateway_address": "10.0.1.1",
            "id": "projects/terraform-study-465601/regions/asia-northeast1/subnetworks/my-custom-subnet",
            "internal_ipv6_prefix": "",
            "ip_cidr_range": "10.0.1.0/24",
            "ip_collection": null,
            "ipv6_access_type": "",
            "ipv6_cidr_range": "",
            "ipv6_gce_endpoint": "",
            "log_config": [],
            "name": "my-custom-subnet",
            "network": "https://www.googleapis.com/compute/v1/projects/terraform-study-465601/global/networks/gcp-study",
            "private_ip_google_access": false,
            "private_ipv6_google_access": "DISABLE_GOOGLE_ACCESS",
            "project": "terraform-study-465601",
            "purpose": "PRIVATE",
            "region": "asia-northeast1",
            "reserved_internal_range": "",
            "role": "",
            "secondary_ip_range": [],
            "self_link": "https://www.googleapis.com/compute/v1/projects/terraform-study-465601/regions/asia-northeast1/subnetworks/my-custom-subnet",
            "send_secondary_ip_range_if_empty": null,
            "stack_type": "IPV4_ONLY",
            "state": "",
            "subnetwork_id": 1026087769054304605,
            "timeouts": null
          },
          "sensitive_attributes": [],
          "private": "eyJlMmJmYjczMC1lY2FhLTExZTYtOGY4OC0zNDM2M2JjN2M0YzAiOnsiY3JlYXRlIjoxMjAwMDAwMDAwMDAwLCJkZWxldGUiOjEyMDAwMDAwMDAwMDAsInVwZGF0ZSI6MTIwMDAwMDAwMDAwMH19",
          "dependencies": [
            "module.custom_vpc.google_compute_network.default"
          ]
        }
      ]
    },
    {
      "module": "module.dns",
      "mode": "managed",
      "type": "google_dns_record_set",
      "name": "a_record",
      "provider": "provider[\"registry.terraform.io/hashicorp/google\"]",
      "instances": [
        {
          "schema_version": 0,
          "attributes": {
            "id": "projects/terraform-study-465601/managedZones/yoshio-study-com/rrsets/yoshio-study.com./A",
            "managed_zone": "yoshio-study-com",
            "name": "yoshio-study.com.",
            "project": "terraform-study-465601",
            "routing_policy": [],
            "rrdatas": [
              "34.160.172.103"
            ],
            "ttl": 3600,
            "type": "A"
          },
          "sensitive_attributes": [],
          "private": "bnVsbA==",
          "dependencies": [
            "module.load_balancer.google_compute_global_address.default"
          ]
        }
      ]
    },
    {
      "module": "module.load_balancer",
      "mode": "managed",
      "type": "google_compute_backend_service",
      "name": "default",
      "provider": "provider[\"registry.terraform.io/hashicorp/google\"]",
      "instances": [
        {
          "schema_version": 1,
          "attributes": {
            "affinity_cookie_ttl_sec": 0,
            "backend": [
              {
                "balancing_mode": "UTILIZATION",
                "capacity_scaler": 1,
                "custom_metrics": [],
                "description": "",
                "group": "https://www.googleapis.com/compute/v1/projects/terraform-study-465601/regions/asia-northeast1/networkEndpointGroups/cloudrun-neg",
                "max_connections": 0,
                "max_connections_per_endpoint": 0,
                "max_connections_per_instance": 0,
                "max_rate": 0,
                "max_rate_per_endpoint": 0,
                "max_rate_per_instance": 0,
                "max_utilization": 0,
                "preference": ""
              }
            ],
            "cdn_policy": [],
            "circuit_breakers": [],
            "compression_mode": "",
            "connection_draining_timeout_sec": 300,
            "consistent_hash": [],
            "creation_timestamp": "2025-07-13T23:28:28.198-07:00",
            "custom_metrics": [],
            "custom_request_headers": [],
            "custom_response_headers": [],
            "description": "",
            "edge_security_policy": "",
            "enable_cdn": false,
            "external_managed_migration_state": "",
            "external_managed_migration_testing_percentage": 0,
            "fingerprint": "QP3r4PoxpN0=",
            "generated_id": 7707859079675845987,
            "health_checks": [],
            "iap": [],
            "id": "projects/terraform-study-465601/global/backendServices/cloudrun-backend-service",
            "ip_address_selection_policy": "",
            "load_balancing_scheme": "EXTERNAL_MANAGED",
            "locality_lb_policies": [],
            "locality_lb_policy": "",
            "log_config": [],
            "max_stream_duration": [],
            "name": "cloudrun-backend-service",
            "outlier_detection": [],
            "port_name": "http",
            "project": "terraform-study-465601",
            "protocol": "HTTP",
            "security_policy": "",
            "security_settings": [],
            "self_link": "https://www.googleapis.com/compute/v1/projects/terraform-study-465601/global/backendServices/cloudrun-backend-service",
            "service_lb_policy": "",
            "session_affinity": "NONE",
            "strong_session_affinity_cookie": [],
            "timeout_sec": 30,
            "timeouts": null
          },
          "sensitive_attributes": [],
          "private": "eyJlMmJmYjczMC1lY2FhLTExZTYtOGY4OC0zNDM2M2JjN2M0YzAiOnsiY3JlYXRlIjoxMjAwMDAwMDAwMDAwLCJkZWxldGUiOjEyMDAwMDAwMDAwMDAsInVwZGF0ZSI6MTIwMDAwMDAwMDAwMH0sInNjaGVtYV92ZXJzaW9uIjoiMSJ9",
          "dependencies": [
            "module.cloud_run.google_cloud_run_service.this",
            "module.cloud_sql.google_sql_database_instance.default",
            "module.cloud_storage.google_storage_bucket.default",
            "module.load_balancer.google_compute_region_network_endpoint_group.serverless_neg"
          ]
        }
      ]
    },
    {
      "module": "module.load_balancer",
      "mode": "managed",
      "type": "google_compute_global_address",
      "name": "default",
      "provider": "provider[\"registry.terraform.io/hashicorp/google\"]",
      "instances": [
        {
          "schema_version": 0,
          "attributes": {
            "address": "34.160.172.103",
            "address_type": "EXTERNAL",
            "creation_timestamp": "2025-07-13T23:28:09.858-07:00",
            "description": "",
            "effective_labels": {
              "goog-terraform-provisioned": "true"
            },
            "id": "projects/terraform-study-465601/global/addresses/lb-static-ip",
            "ip_version": "",
            "label_fingerprint": "vezUS-42LLM=",
            "labels": {},
            "name": "lb-static-ip",
            "network": "",
            "prefix_length": 0,
            "project": "terraform-study-465601",
            "purpose": "",
            "self_link": "https://www.googleapis.com/compute/v1/projects/terraform-study-465601/global/addresses/lb-static-ip",
            "terraform_labels": {
              "goog-terraform-provisioned": "true"
            },
            "timeouts": null
          },
          "sensitive_attributes": [],
          "private": "eyJlMmJmYjczMC1lY2FhLTExZTYtOGY4OC0zNDM2M2JjN2M0YzAiOnsiY3JlYXRlIjoxMjAwMDAwMDAwMDAwLCJkZWxldGUiOjEyMDAwMDAwMDAwMDAsInVwZGF0ZSI6MTIwMDAwMDAwMDAwMH19"
        }
      ]
    },
    {
      "module": "module.load_balancer",
      "mode": "managed",
      "type": "google_compute_global_forwarding_rule",
      "name": "default",
      "provider": "provider[\"registry.terraform.io/hashicorp/google\"]",
      "instances": [
        {
          "schema_version": 0,
          "attributes": {
            "base_forwarding_rule": "",
            "description": "",
            "effective_labels": {},
            "external_managed_backend_bucket_migration_state": "",
            "external_managed_backend_bucket_migration_testing_percentage": 0,
            "forwarding_rule_id": 1158247494754835762,
            "id": "projects/terraform-study-465601/global/forwardingRules/https-forwarding-rule",
            "ip_address": "34.160.172.103",
            "ip_protocol": "TCP",
            "ip_version": "",
            "label_fingerprint": "42WmSpB8rSM=",
            "labels": {},
            "load_balancing_scheme": "EXTERNAL_MANAGED",
            "metadata_filters": [],
            "name": "https-forwarding-rule",
            "network": "",
            "network_tier": "PREMIUM",
            "no_automate_dns_zone": null,
            "port_range": "443-443",
            "project": "terraform-study-465601",
            "psc_connection_id": "",
            "psc_connection_status": "",
            "self_link": "https://www.googleapis.com/compute/v1/projects/terraform-study-465601/global/forwardingRules/https-forwarding-rule",
            "service_directory_registrations": [],
            "source_ip_ranges": [],
            "subnetwork": "",
            "target": "https://www.googleapis.com/compute/v1/projects/terraform-study-465601/global/targetHttpsProxies/https-proxy",
            "terraform_labels": {},
            "timeouts": null
          },
          "sensitive_attributes": [],
          "private": "eyJlMmJmYjczMC1lY2FhLTExZTYtOGY4OC0zNDM2M2JjN2M0YzAiOnsiY3JlYXRlIjoxMjAwMDAwMDAwMDAwLCJkZWxldGUiOjEyMDAwMDAwMDAwMDAsInVwZGF0ZSI6MTIwMDAwMDAwMDAwMH19",
          "dependencies": [
            "module.cloud_run.google_cloud_run_service.this",
            "module.cloud_sql.google_sql_database_instance.default",
            "module.cloud_storage.google_storage_bucket.default",
            "module.load_balancer.google_compute_backend_service.default",
            "module.load_balancer.google_compute_global_address.default",
            "module.load_balancer.google_compute_managed_ssl_certificate.default",
            "module.load_balancer.google_compute_region_network_endpoint_group.serverless_neg",
            "module.load_balancer.google_compute_target_https_proxy.default",
            "module.load_balancer.google_compute_url_map.default"
          ]
        }
      ]
    },
    {
      "module": "module.load_balancer",
      "mode": "managed",
      "type": "google_compute_managed_ssl_certificate",
      "name": "default",
      "provider": "provider[\"registry.terraform.io/hashicorp/google\"]",
      "instances": [
        {
          "schema_version": 0,
          "attributes": {
            "certificate_id": 1084053755782569366,
            "creation_timestamp": "2025-07-13T23:28:09.823-07:00",
            "description": "",
            "expire_time": "2025-10-11T23:28:12.000-07:00",
            "id": "projects/terraform-study-465601/global/sslCertificates/custom-domain-cert",
            "managed": [
              {
                "domains": [
                  "yoshio-study.com"
                ]
              }
            ],
            "name": "custom-domain-cert",
            "project": "terraform-study-465601",
            "self_link": "https://www.googleapis.com/compute/v1/projects/terraform-study-465601/global/sslCertificates/custom-domain-cert",
            "subject_alternative_names": [
              "yoshio-study.com"
            ],
            "timeouts": null,
            "type": "MANAGED"
          },
          "sensitive_attributes": [],
          "private": "eyJlMmJmYjczMC1lY2FhLTExZTYtOGY4OC0zNDM2M2JjN2M0YzAiOnsiY3JlYXRlIjoxODAwMDAwMDAwMDAwLCJkZWxldGUiOjE4MDAwMDAwMDAwMDB9fQ=="
        }
      ]
    },
    {
      "module": "module.load_balancer",
      "mode": "managed",
      "type": "google_compute_region_network_endpoint_group",
      "name": "serverless_neg",
      "provider": "provider[\"registry.terraform.io/hashicorp/google\"]",
      "instances": [
        {
          "schema_version": 0,
          "attributes": {
            "app_engine": [],
            "cloud_function": [],
            "cloud_run": [
              {
                "service": "gcp-study-app",
                "tag": "",
                "url_mask": ""
              }
            ],
            "description": "",
            "id": "projects/terraform-study-465601/regions/asia-northeast1/networkEndpointGroups/cloudrun-neg",
            "name": "cloudrun-neg",
            "network": "",
            "network_endpoint_type": "SERVERLESS",
            "project": "terraform-study-465601",
            "psc_data": [],
            "psc_target_service": "",
            "region": "https://www.googleapis.com/compute/v1/projects/terraform-study-465601/regions/asia-northeast1",
            "self_link": "https://www.googleapis.com/compute/v1/projects/terraform-study-465601/regions/asia-northeast1/networkEndpointGroups/cloudrun-neg",
            "subnetwork": "",
            "timeouts": null
          },
          "sensitive_attributes": [],
          "private": "eyJlMmJmYjczMC1lY2FhLTExZTYtOGY4OC0zNDM2M2JjN2M0YzAiOnsiY3JlYXRlIjoxMjAwMDAwMDAwMDAwLCJkZWxldGUiOjEyMDAwMDAwMDAwMDB9fQ==",
          "dependencies": [
            "module.cloud_run.google_cloud_run_service.this",
            "module.cloud_sql.google_sql_database_instance.default",
            "module.cloud_storage.google_storage_bucket.default"
          ]
        }
      ]
    },
    {
      "module": "module.load_balancer",
      "mode": "managed",
      "type": "google_compute_target_https_proxy",
      "name": "default",
      "provider": "provider[\"registry.terraform.io/hashicorp/google\"]",
      "instances": [
        {
          "schema_version": 0,
          "attributes": {
            "certificate_manager_certificates": [],
            "certificate_map": "",
            "creation_timestamp": "2025-07-13T23:29:37.158-07:00",
            "description": "",
            "fingerprint": "v5o6wsLHdp0=",
            "http_keep_alive_timeout_sec": 0,
            "id": "projects/terraform-study-465601/global/targetHttpsProxies/https-proxy",
            "name": "https-proxy",
            "project": "terraform-study-465601",
            "proxy_bind": false,
            "proxy_id": 2625555249604664638,
            "quic_override": "NONE",
            "self_link": "https://www.googleapis.com/compute/v1/projects/terraform-study-465601/global/targetHttpsProxies/https-proxy",
            "server_tls_policy": "",
            "ssl_certificates": [
              "https://www.googleapis.com/compute/v1/projects/terraform-study-465601/global/sslCertificates/custom-domain-cert"
            ],
            "ssl_policy": "",
            "timeouts": null,
            "tls_early_data": "DISABLED",
            "url_map": "https://www.googleapis.com/compute/v1/projects/terraform-study-465601/global/urlMaps/lb-url-map"
          },
          "sensitive_attributes": [],
          "private": "eyJlMmJmYjczMC1lY2FhLTExZTYtOGY4OC0zNDM2M2JjN2M0YzAiOnsiY3JlYXRlIjoxMjAwMDAwMDAwMDAwLCJkZWxldGUiOjEyMDAwMDAwMDAwMDAsInVwZGF0ZSI6MTIwMDAwMDAwMDAwMH19",
          "dependencies": [
            "module.cloud_run.google_cloud_run_service.this",
            "module.cloud_sql.google_sql_database_instance.default",
            "module.cloud_storage.google_storage_bucket.default",
            "module.load_balancer.google_compute_backend_service.default",
            "module.load_balancer.google_compute_managed_ssl_certificate.default",
            "module.load_balancer.google_compute_region_network_endpoint_group.serverless_neg",
            "module.load_balancer.google_compute_url_map.default"
          ]
        }
      ]
    },
    {
      "module": "module.load_balancer",
      "mode": "managed",
      "type": "google_compute_url_map",
      "name": "default",
      "provider": "provider[\"registry.terraform.io/hashicorp/google\"]",
      "instances": [
        {
          "schema_version": 0,
          "attributes": {
            "creation_timestamp": "2025-07-13T23:29:24.575-07:00",
            "default_custom_error_response_policy": [],
            "default_route_action": [],
            "default_service": "https://www.googleapis.com/compute/v1/projects/terraform-study-465601/global/backendServices/cloudrun-backend-service",
            "default_url_redirect": [],
            "description": "",
            "fingerprint": "Dhmu0vArWRQ=",
            "header_action": [],
            "host_rule": [],
            "id": "projects/terraform-study-465601/global/urlMaps/lb-url-map",
            "map_id": 3385794560127474988,
            "name": "lb-url-map",
            "path_matcher": [],
            "project": "terraform-study-465601",
            "self_link": "https://www.googleapis.com/compute/v1/projects/terraform-study-465601/global/urlMaps/lb-url-map",
            "test": [],
            "timeouts": null
          },
          "sensitive_attributes": [],
          "private": "eyJlMmJmYjczMC1lY2FhLTExZTYtOGY4OC0zNDM2M2JjN2M0YzAiOnsiY3JlYXRlIjoxMjAwMDAwMDAwMDAwLCJkZWxldGUiOjEyMDAwMDAwMDAwMDAsInVwZGF0ZSI6MTIwMDAwMDAwMDAwMH19",
          "dependencies": [
            "module.cloud_run.google_cloud_run_service.this",
            "module.cloud_sql.google_sql_database_instance.default",
            "module.cloud_storage.google_storage_bucket.default",
            "module.load_balancer.google_compute_backend_service.default",
            "module.load_balancer.google_compute_region_network_endpoint_group.serverless_neg"
          ]
        }
      ]
    },
    {
      "module": "module.secrets_manager_iam",
      "mode": "managed",
      "type": "google_secret_manager_secret_iam_member",
      "name": "secret_accessor",
      "provider": "provider[\"registry.terraform.io/hashicorp/google\"]",
      "instances": [
        {
          "index_key": "db_password",
          "schema_version": 0,
          "attributes": {
            "condition": [],
            "etag": "BwY53QrMPNw=",
            "id": "projects/terraform-study-465601/secrets/db_password/roles/secretmanager.secretAccessor/serviceAccount:161116822257-compute@developer.gserviceaccount.com",
            "member": "serviceAccount:161116822257-compute@developer.gserviceaccount.com",
            "project": "terraform-study-465601",
            "role": "roles/secretmanager.secretAccessor",
            "secret_id": "projects/terraform-study-465601/secrets/db_password"
          },
          "sensitive_attributes": [],
          "private": "bnVsbA=="
        },
        {
          "index_key": "db_user",
          "schema_version": 0,
          "attributes": {
            "condition": [],
            "etag": "BwY53QrML4k=",
            "id": "projects/terraform-study-465601/secrets/db_user/roles/secretmanager.secretAccessor/serviceAccount:161116822257-compute@developer.gserviceaccount.com",
            "member": "serviceAccount:161116822257-compute@developer.gserviceaccount.com",
            "project": "terraform-study-465601",
            "role": "roles/secretmanager.secretAccessor",
            "secret_id": "projects/terraform-study-465601/secrets/db_user"
          },
          "sensitive_attributes": [],
          "private": "bnVsbA=="
        }
      ]
    }
  ],
  "check_results": null
}
